
Microsoft Visual Studio Solution File, Format Version 12.00
# Visual Studio Version 16
VisualStudioVersion = 16.0.29123.89
MinimumVisualStudioVersion = 10.0.40219.1
Project("{9A19103F-16F7-4668-BE54-9A1E7A4F7556}") = "MyVet.Common", "MyVet.Common\MyVet.Common.csproj", "{7577B0AA-BBD5-4178-9BAA-D9F2AB83AE35}"
EndProject
Project("{FAE04EC0-301F-11D3-BF4B-00C04F79EFBC}") = "MyVet.Web", "MyVet\MyVet.Web.csproj", "{4F8A4AD6-E904-4DAE-BA08-24493D076E22}"
EndProject
Global
	GlobalSection(SolutionConfigurationPlatforms) = preSolution
		Debug|Any CPU = Debug|Any CPU
		Release|Any CPU = Release|Any CPU
	EndGlobalSection
	GlobalSection(ProjectConfigurationPlatforms) = postSolution
		{7577B0AA-BBD5-4178-9BAA-D9F2AB83AE35}.Debug|Any CPU.ActiveCfg = Debug|Any CPU
		{7577B0AA-BBD5-4178-9BAA-D9F2AB83AE35}.Debug|Any CPU.Build.0 = Debug|Any CPU
		{7577B0AA-BBD5-4178-9BAA-D9F2AB83AE35}.Release|Any CPU.ActiveCfg = Release|Any CPU
		{7577B0AA-BBD5-4178-9BAA-D9F2AB83AE35}.Release|Any CPU.Build.0 = Release|Any CPU
		{4F8A4AD6-E904-4DAE-BA08-24493D076E22}.Debug|Any CPU.ActiveCfg = Debug|Any CPU
		{4F8A4AD6-E904-4DAE-BA08-24493D076E22}.Debug|Any CPU.Build.0 = Debug|Any CPU
		{4F8A4AD6-E904-4DAE-BA08-24493D076E22}.Release|Any CPU.ActiveCfg = Release|Any CPU
		{4F8A4AD6-E904-4DAE-BA08-24493D076E22}.Release|Any CPU.Build.0 = Release|Any CPU
	EndGlobalSection
	GlobalSection(SolutionProperties) = preSolution
		HideSolutionNode = FALSE
	EndGlobalSection
	GlobalSection(ExtensibilityGlobals) = postSolution
		SolutionGuid = {2B9EC380-8D23-464D-B8DE-7EDCFFEB64F6}
	EndGlobalSection
EndGlobal
